
Microsoft Visual Studio Solution File, Format Version 12.00
Project("{FAE04EC0-301F-11D3-BF4B-00C04F79EFBC}") = "WhiterunGuard", "WhiterunGuard\WhiterunGuard.csproj", "{36939E34-51F2-4CE5-9B03-FA43D2F101CC}"
EndProject
Project("{FAE04EC0-301F-11D3-BF4B-00C04F79EFBC}") = "WhiterunConfig", "WhiterunConfig\WhiterunConfig.csproj", "{ABFD988E-E186-4FE4-A4D5-D6303D2FF2E7}"
EndProject
Global
	GlobalSection(SolutionConfigurationPlatforms) = preSolution
		Debug|Any CPU = Debug|Any CPU
		Release|Any CPU = Release|Any CPU
	EndGlobalSection
	GlobalSection(ProjectConfigurationPlatforms) = postSolution
		{36939E34-51F2-4CE5-9B03-FA43D2F101CC}.Debug|Any CPU.ActiveCfg = Debug|Any CPU
		{36939E34-51F2-4CE5-9B03-FA43D2F101CC}.Debug|Any CPU.Build.0 = Debug|Any CPU
		{36939E34-51F2-4CE5-9B03-FA43D2F101CC}.Release|Any CPU.ActiveCfg = Release|Any CPU
		{36939E34-51F2-4CE5-9B03-FA43D2F101CC}.Release|Any CPU.Build.0 = Release|Any CPU
		{ABFD988E-E186-4FE4-A4D5-D6303D2FF2E7}.Debug|Any CPU.ActiveCfg = Debug|Any CPU
		{ABFD988E-E186-4FE4-A4D5-D6303D2FF2E7}.Debug|Any CPU.Build.0 = Debug|Any CPU
		{ABFD988E-E186-4FE4-A4D5-D6303D2FF2E7}.Release|Any CPU.ActiveCfg = Release|Any CPU
		{ABFD988E-E186-4FE4-A4D5-D6303D2FF2E7}.Release|Any CPU.Build.0 = Release|Any CPU
	EndGlobalSection
EndGlobal
